
Microsoft Visual Studio Solution File, Format Version 12.00
# Visual Studio Version 17
VisualStudioVersion = 17.0.31903.59
MinimumVisualStudioVersion = 10.0.40219.1
Project("{2150E333-8FDC-42A3-9474-1A3956D46DE8}") = "src", "src", "{AE54CAE2-AF03-4C13-B9B5-5B957A3886D5}"
EndProject
Project("{FAE04EC0-301F-11D3-BF4B-00C04F79EFBC}") = "SharedLibrary", "src\SharedLibrary\SharedLibrary.csproj", "{B0901691-0833-4A0A-9841-0C875E0C427A}"
EndProject
Project("{FAE04EC0-301F-11D3-BF4B-00C04F79EFBC}") = "BenchMarkRunner", "src\BenchMarkRunner\BenchMarkRunner.csproj", "{2063A2C0-EFE8-4EF3-9E5F-A49CE37FCCFE}"
EndProject
Global
	GlobalSection(SolutionConfigurationPlatforms) = preSolution
		Debug|Any CPU = Debug|Any CPU
		Release|Any CPU = Release|Any CPU
	EndGlobalSection
	GlobalSection(SolutionProperties) = preSolution
		HideSolutionNode = FALSE
	EndGlobalSection
	GlobalSection(ProjectConfigurationPlatforms) = postSolution
		{B0901691-0833-4A0A-9841-0C875E0C427A}.Debug|Any CPU.ActiveCfg = Debug|Any CPU
		{B0901691-0833-4A0A-9841-0C875E0C427A}.Debug|Any CPU.Build.0 = Debug|Any CPU
		{B0901691-0833-4A0A-9841-0C875E0C427A}.Release|Any CPU.ActiveCfg = Release|Any CPU
		{B0901691-0833-4A0A-9841-0C875E0C427A}.Release|Any CPU.Build.0 = Release|Any CPU
		{2063A2C0-EFE8-4EF3-9E5F-A49CE37FCCFE}.Debug|Any CPU.ActiveCfg = Debug|Any CPU
		{2063A2C0-EFE8-4EF3-9E5F-A49CE37FCCFE}.Debug|Any CPU.Build.0 = Debug|Any CPU
		{2063A2C0-EFE8-4EF3-9E5F-A49CE37FCCFE}.Release|Any CPU.ActiveCfg = Release|Any CPU
		{2063A2C0-EFE8-4EF3-9E5F-A49CE37FCCFE}.Release|Any CPU.Build.0 = Release|Any CPU
	EndGlobalSection
	GlobalSection(NestedProjects) = preSolution
		{B0901691-0833-4A0A-9841-0C875E0C427A} = {AE54CAE2-AF03-4C13-B9B5-5B957A3886D5}
		{2063A2C0-EFE8-4EF3-9E5F-A49CE37FCCFE} = {AE54CAE2-AF03-4C13-B9B5-5B957A3886D5}
	EndGlobalSection
EndGlobal
